
Microsoft Visual Studio Solution File, Format Version 12.00
# Visual Studio Version 17
VisualStudioVersion = 17.3.32819.101
MinimumVisualStudioVersion = 10.0.40219.1
Project("{8BC9CEB8-8B4A-11D0-8D11-00A0C91BC942}") = "House", "House\House.vcxproj", "{EEA02C80-A482-40B5-8D9A-433D764472FA}"
EndProject
Global
	GlobalSection(SolutionConfigurationPlatforms) = preSolution
		Debug|x64 = Debug|x64
		Debug|x86 = Debug|x86
		Release|x64 = Release|x64
		Release|x86 = Release|x86
	EndGlobalSection
	GlobalSection(ProjectConfigurationPlatforms) = postSolution
		{EEA02C80-A482-40B5-8D9A-433D764472FA}.Debug|x64.ActiveCfg = Debug|x64
		{EEA02C80-A482-40B5-8D9A-433D764472FA}.Debug|x64.Build.0 = Debug|x64
		{EEA02C80-A482-40B5-8D9A-433D764472FA}.Debug|x86.ActiveCfg = Debug|Win32
		{EEA02C80-A482-40B5-8D9A-433D764472FA}.Debug|x86.Build.0 = Debug|Win32
		{EEA02C80-A482-40B5-8D9A-433D764472FA}.Release|x64.ActiveCfg = Release|x64
		{EEA02C80-A482-40B5-8D9A-433D764472FA}.Release|x64.Build.0 = Release|x64
		{EEA02C80-A482-40B5-8D9A-433D764472FA}.Release|x86.ActiveCfg = Release|Win32
		{EEA02C80-A482-40B5-8D9A-433D764472FA}.Release|x86.Build.0 = Release|Win32
	EndGlobalSection
	GlobalSection(SolutionProperties) = preSolution
		HideSolutionNode = FALSE
	EndGlobalSection
	GlobalSection(ExtensibilityGlobals) = postSolution
		SolutionGuid = {8950F167-CB11-460E-B5AB-F56F7F749B8E}
	EndGlobalSection
EndGlobal
